
Microsoft Visual Studio Solution File, Format Version 12.00
# Visual Studio Version 17
VisualStudioVersion = 17.9.34728.123
MinimumVisualStudioVersion = 10.0.40219.1
Project("{FAE04EC0-301F-11D3-BF4B-00C04F79EFBC}") = "Week9", "Week9\Week9.csproj", "{8165A184-98B3-4553-A643-1A55448692B4}"
EndProject
Project("{FAE04EC0-301F-11D3-BF4B-00C04F79EFBC}") = "Test", "Test\Test.csproj", "{3FB25D15-0573-4A2B-96E6-35AC0353C685}"
EndProject
Global
	GlobalSection(SolutionConfigurationPlatforms) = preSolution
		Debug|Any CPU = Debug|Any CPU
		Release|Any CPU = Release|Any CPU
	EndGlobalSection
	GlobalSection(ProjectConfigurationPlatforms) = postSolution
		{8165A184-98B3-4553-A643-1A55448692B4}.Debug|Any CPU.ActiveCfg = Debug|Any CPU
		{8165A184-98B3-4553-A643-1A55448692B4}.Debug|Any CPU.Build.0 = Debug|Any CPU
		{8165A184-98B3-4553-A643-1A55448692B4}.Release|Any CPU.ActiveCfg = Release|Any CPU
		{8165A184-98B3-4553-A643-1A55448692B4}.Release|Any CPU.Build.0 = Release|Any CPU
		{3FB25D15-0573-4A2B-96E6-35AC0353C685}.Debug|Any CPU.ActiveCfg = Debug|Any CPU
		{3FB25D15-0573-4A2B-96E6-35AC0353C685}.Debug|Any CPU.Build.0 = Debug|Any CPU
		{3FB25D15-0573-4A2B-96E6-35AC0353C685}.Release|Any CPU.ActiveCfg = Release|Any CPU
		{3FB25D15-0573-4A2B-96E6-35AC0353C685}.Release|Any CPU.Build.0 = Release|Any CPU
	EndGlobalSection
	GlobalSection(SolutionProperties) = preSolution
		HideSolutionNode = FALSE
	EndGlobalSection
	GlobalSection(ExtensibilityGlobals) = postSolution
		SolutionGuid = {8A06638E-8F1E-483E-9909-63D52CF765C6}
	EndGlobalSection
EndGlobal
